
Microsoft Visual Studio Solution File, Format Version 12.00
# Visual Studio Version 17
VisualStudioVersion = 17.14.37314.3 d17.14
MinimumVisualStudioVersion = 10.0.40219.1
Project("{8BC9CEB8-8B4A-11D0-8D11-00A0C91BC942}") = "11_1", "11_1\11_1.vcxproj", "{F1DB29B9-A786-41D2-98D1-6F2C09250A6D}"
EndProject
Global
	GlobalSection(SolutionConfigurationPlatforms) = preSolution
		Debug|x64 = Debug|x64
		Debug|x86 = Debug|x86
		Release|x64 = Release|x64
		Release|x86 = Release|x86
	EndGlobalSection
	GlobalSection(ProjectConfigurationPlatforms) = postSolution
		{F1DB29B9-A786-41D2-98D1-6F2C09250A6D}.Debug|x64.ActiveCfg = Debug|x64
		{F1DB29B9-A786-41D2-98D1-6F2C09250A6D}.Debug|x64.Build.0 = Debug|x64
		{F1DB29B9-A786-41D2-98D1-6F2C09250A6D}.Debug|x86.ActiveCfg = Debug|Win32
		{F1DB29B9-A786-41D2-98D1-6F2C09250A6D}.Debug|x86.Build.0 = Debug|Win32
		{F1DB29B9-A786-41D2-98D1-6F2C09250A6D}.Release|x64.ActiveCfg = Release|x64
		{F1DB29B9-A786-41D2-98D1-6F2C09250A6D}.Release|x64.Build.0 = Release|x64
		{F1DB29B9-A786-41D2-98D1-6F2C09250A6D}.Release|x86.ActiveCfg = Release|Win32
		{F1DB29B9-A786-41D2-98D1-6F2C09250A6D}.Release|x86.Build.0 = Release|Win32
	EndGlobalSection
	GlobalSection(SolutionProperties) = preSolution
		HideSolutionNode = FALSE
	EndGlobalSection
	GlobalSection(ExtensibilityGlobals) = postSolution
		SolutionGuid = {69C71A96-5D17-436A-B23B-552F056131E9}
	EndGlobalSection
EndGlobal
